
Microsoft Visual Studio Solution File, Format Version 12.00
# Visual Studio 15
VisualStudioVersion = 15.0.28307.705
MinimumVisualStudioVersion = 10.0.40219.1
Project("{FAE04EC0-301F-11D3-BF4B-00C04F79EFBC}") = "Diploma", "Diploma\Diploma.csproj", "{F46A97E7-AE99-448C-BFB8-1DBE014BF1E2}"
EndProject
Global
	GlobalSection(SolutionConfigurationPlatforms) = preSolution
		Debug|Any CPU = Debug|Any CPU
		Release|Any CPU = Release|Any CPU
	EndGlobalSection
	GlobalSection(ProjectConfigurationPlatforms) = postSolution
		{F46A97E7-AE99-448C-BFB8-1DBE014BF1E2}.Debug|Any CPU.ActiveCfg = Debug|Any CPU
		{F46A97E7-AE99-448C-BFB8-1DBE014BF1E2}.Debug|Any CPU.Build.0 = Debug|Any CPU
		{F46A97E7-AE99-448C-BFB8-1DBE014BF1E2}.Release|Any CPU.ActiveCfg = Release|Any CPU
		{F46A97E7-AE99-448C-BFB8-1DBE014BF1E2}.Release|Any CPU.Build.0 = Release|Any CPU
	EndGlobalSection
	GlobalSection(SolutionProperties) = preSolution
		HideSolutionNode = FALSE
	EndGlobalSection
	GlobalSection(ExtensibilityGlobals) = postSolution
		SolutionGuid = {83F70558-B656-49AF-B61A-9FA261564A2D}
	EndGlobalSection
EndGlobal
